
Microsoft Visual Studio Solution File, Format Version 12.00
# Visual Studio 15
VisualStudioVersion = 15.0.28307.136
MinimumVisualStudioVersion = 10.0.40219.1
Project("{FAE04EC0-301F-11D3-BF4B-00C04F79EFBC}") = "MixoLogy.Android", "MixoLogy\MixoLogy.Android\MixoLogy.Android.csproj", "{5B744845-0B8E-4304-986D-C5489D28FA08}"
EndProject
Project("{FAE04EC0-301F-11D3-BF4B-00C04F79EFBC}") = "MixoLogy.iOS", "MixoLogy\MixoLogy.iOS\MixoLogy.iOS.csproj", "{FF650C9A-A347-4BA0-8B34-239A1AD88471}"
EndProject
Project("{FAE04EC0-301F-11D3-BF4B-00C04F79EFBC}") = "MixoLogy", "MixoLogy\MixoLogy\MixoLogy.csproj", "{396C1F1B-B063-4787-865B-4C5E403983E2}"
EndProject
Global
	GlobalSection(SolutionConfigurationPlatforms) = preSolution
		Ad-Hoc|Any CPU = Ad-Hoc|Any CPU
		Ad-Hoc|iPhone = Ad-Hoc|iPhone
		Ad-Hoc|iPhoneSimulator = Ad-Hoc|iPhoneSimulator
		AppStore|Any CPU = AppStore|Any CPU
		AppStore|iPhone = AppStore|iPhone
		AppStore|iPhoneSimulator = AppStore|iPhoneSimulator
		Debug|Any CPU = Debug|Any CPU
		Debug|iPhone = Debug|iPhone
		Debug|iPhoneSimulator = Debug|iPhoneSimulator
		Release|Any CPU = Release|Any CPU
		Release|iPhone = Release|iPhone
		Release|iPhoneSimulator = Release|iPhoneSimulator
	EndGlobalSection
	GlobalSection(ProjectConfigurationPlatforms) = postSolution
		{5B744845-0B8E-4304-986D-C5489D28FA08}.Ad-Hoc|Any CPU.ActiveCfg = Release|Any CPU
		{5B744845-0B8E-4304-986D-C5489D28FA08}.Ad-Hoc|Any CPU.Build.0 = Release|Any CPU
		{5B744845-0B8E-4304-986D-C5489D28FA08}.Ad-Hoc|Any CPU.Deploy.0 = Release|Any CPU
		{5B744845-0B8E-4304-986D-C5489D28FA08}.Ad-Hoc|iPhone.ActiveCfg = Release|Any CPU
		{5B744845-0B8E-4304-986D-C5489D28FA08}.Ad-Hoc|iPhone.Build.0 = Release|Any CPU
		{5B744845-0B8E-4304-986D-C5489D28FA08}.Ad-Hoc|iPhone.Deploy.0 = Release|Any CPU
		{5B744845-0B8E-4304-986D-C5489D28FA08}.Ad-Hoc|iPhoneSimulator.ActiveCfg = Release|Any CPU
		{5B744845-0B8E-4304-986D-C5489D28FA08}.Ad-Hoc|iPhoneSimulator.Build.0 = Release|Any CPU
		{5B744845-0B8E-4304-986D-C5489D28FA08}.Ad-Hoc|iPhoneSimulator.Deploy.0 = Release|Any CPU
		{5B744845-0B8E-4304-986D-C5489D28FA08}.AppStore|Any CPU.ActiveCfg = Release|Any CPU
		{5B744845-0B8E-4304-986D-C5489D28FA08}.AppStore|Any CPU.Build.0 = Release|Any CPU
		{5B744845-0B8E-4304-986D-C5489D28FA08}.AppStore|Any CPU.Deploy.0 = Release|Any CPU
		{5B744845-0B8E-4304-986D-C5489D28FA08}.AppStore|iPhone.ActiveCfg = Release|Any CPU
		{5B744845-0B8E-4304-986D-C5489D28FA08}.AppStore|iPhone.Build.0 = Release|Any CPU
		{5B744845-0B8E-4304-986D-C5489D28FA08}.AppStore|iPhone.Deploy.0 = Release|Any CPU
		{5B744845-0B8E-4304-986D-C5489D28FA08}.AppStore|iPhoneSimulator.ActiveCfg = Release|Any CPU
		{5B744845-0B8E-4304-986D-C5489D28FA08}.AppStore|iPhoneSimulator.Build.0 = Release|Any CPU
		{5B744845-0B8E-4304-986D-C5489D28FA08}.AppStore|iPhoneSimulator.Deploy.0 = Release|Any CPU
		{5B744845-0B8E-4304-986D-C5489D28FA08}.Debug|Any CPU.ActiveCfg = Debug|Any CPU
		{5B744845-0B8E-4304-986D-C5489D28FA08}.Debug|Any CPU.Build.0 = Debug|Any CPU
		{5B744845-0B8E-4304-986D-C5489D28FA08}.Debug|Any CPU.Deploy.0 = Debug|Any CPU
		{5B744845-0B8E-4304-986D-C5489D28FA08}.Debug|iPhone.ActiveCfg = Debug|Any CPU
		{5B744845-0B8E-4304-986D-C5489D28FA08}.Debug|iPhone.Build.0 = Debug|Any CPU
		{5B744845-0B8E-4304-986D-C5489D28FA08}.Debug|iPhone.Deploy.0 = Debug|Any CPU
		{5B744845-0B8E-4304-986D-C5489D28FA08}.Debug|iPhoneSimulator.ActiveCfg = Debug|Any CPU
		{5B744845-0B8E-4304-986D-C5489D28FA08}.Debug|iPhoneSimulator.Build.0 = Debug|Any CPU
		{5B744845-0B8E-4304-986D-C5489D28FA08}.Debug|iPhoneSimulator.Deploy.0 = Debug|Any CPU
		{5B744845-0B8E-4304-986D-C5489D28FA08}.Release|Any CPU.ActiveCfg = Release|Any CPU
		{5B744845-0B8E-4304-986D-C5489D28FA08}.Release|Any CPU.Build.0 = Release|Any CPU
		{5B744845-0B8E-4304-986D-C5489D28FA08}.Release|Any CPU.Deploy.0 = Release|Any CPU
		{5B744845-0B8E-4304-986D-C5489D28FA08}.Release|iPhone.ActiveCfg = Release|Any CPU
		{5B744845-0B8E-4304-986D-C5489D28FA08}.Release|iPhone.Build.0 = Release|Any CPU
		{5B744845-0B8E-4304-986D-C5489D28FA08}.Release|iPhone.Deploy.0 = Release|Any CPU
		{5B744845-0B8E-4304-986D-C5489D28FA08}.Release|iPhoneSimulator.ActiveCfg = Release|Any CPU
		{5B744845-0B8E-4304-986D-C5489D28FA08}.Release|iPhoneSimulator.Build.0 = Release|Any CPU
		{5B744845-0B8E-4304-986D-C5489D28FA08}.Release|iPhoneSimulator.Deploy.0 = Release|Any CPU
		{FF650C9A-A347-4BA0-8B34-239A1AD88471}.Ad-Hoc|Any CPU.ActiveCfg = Ad-Hoc|iPhone
		{FF650C9A-A347-4BA0-8B34-239A1AD88471}.Ad-Hoc|Any CPU.Build.0 = Ad-Hoc|iPhone
		{FF650C9A-A347-4BA0-8B34-239A1AD88471}.Ad-Hoc|Any CPU.Deploy.0 = Ad-Hoc|iPhone
		{FF650C9A-A347-4BA0-8B34-239A1AD88471}.Ad-Hoc|iPhone.ActiveCfg = Ad-Hoc|iPhone
		{FF650C9A-A347-4BA0-8B34-239A1AD88471}.Ad-Hoc|iPhone.Build.0 = Ad-Hoc|iPhone
		{FF650C9A-A347-4BA0-8B34-239A1AD88471}.Ad-Hoc|iPhone.Deploy.0 = Ad-Hoc|iPhone
		{FF650C9A-A347-4BA0-8B34-239A1AD88471}.Ad-Hoc|iPhoneSimulator.ActiveCfg = Ad-Hoc|iPhoneSimulator
		{FF650C9A-A347-4BA0-8B34-239A1AD88471}.Ad-Hoc|iPhoneSimulator.Build.0 = Ad-Hoc|iPhoneSimulator
		{FF650C9A-A347-4BA0-8B34-239A1AD88471}.Ad-Hoc|iPhoneSimulator.Deploy.0 = Ad-Hoc|iPhoneSimulator
		{FF650C9A-A347-4BA0-8B34-239A1AD88471}.AppStore|Any CPU.ActiveCfg = AppStore|iPhone
		{FF650C9A-A347-4BA0-8B34-239A1AD88471}.AppStore|Any CPU.Build.0 = AppStore|iPhone
		{FF650C9A-A347-4BA0-8B34-239A1AD88471}.AppStore|Any CPU.Deploy.0 = AppStore|iPhone
		{FF650C9A-A347-4BA0-8B34-239A1AD88471}.AppStore|iPhone.ActiveCfg = AppStore|iPhone
		{FF650C9A-A347-4BA0-8B34-239A1AD88471}.AppStore|iPhone.Build.0 = AppStore|iPhone
		{FF650C9A-A347-4BA0-8B34-239A1AD88471}.AppStore|iPhone.Deploy.0 = AppStore|iPhone
		{FF650C9A-A347-4BA0-8B34-239A1AD88471}.AppStore|iPhoneSimulator.ActiveCfg = AppStore|iPhoneSimulator
		{FF650C9A-A347-4BA0-8B34-239A1AD88471}.AppStore|iPhoneSimulator.Build.0 = AppStore|iPhoneSimulator
		{FF650C9A-A347-4BA0-8B34-239A1AD88471}.AppStore|iPhoneSimulator.Deploy.0 = AppStore|iPhoneSimulator
		{FF650C9A-A347-4BA0-8B34-239A1AD88471}.Debug|Any CPU.ActiveCfg = Debug|iPhoneSimulator
		{FF650C9A-A347-4BA0-8B34-239A1AD88471}.Debug|Any CPU.Build.0 = Debug|iPhoneSimulator
		{FF650C9A-A347-4BA0-8B34-239A1AD88471}.Debug|Any CPU.Deploy.0 = Debug|iPhoneSimulator
		{FF650C9A-A347-4BA0-8B34-239A1AD88471}.Debug|iPhone.ActiveCfg = Debug|iPhone
		{FF650C9A-A347-4BA0-8B34-239A1AD88471}.Debug|iPhone.Build.0 = Debug|iPhone
		{FF650C9A-A347-4BA0-8B34-239A1AD88471}.Debug|iPhone.Deploy.0 = Debug|iPhone
		{FF650C9A-A347-4BA0-8B34-239A1AD88471}.Debug|iPhoneSimulator.ActiveCfg = Debug|iPhoneSimulator
		{FF650C9A-A347-4BA0-8B34-239A1AD88471}.Debug|iPhoneSimulator.Build.0 = Debug|iPhoneSimulator
		{FF650C9A-A347-4BA0-8B34-239A1AD88471}.Debug|iPhoneSimulator.Deploy.0 = Debug|iPhoneSimulator
		{FF650C9A-A347-4BA0-8B34-239A1AD88471}.Release|Any CPU.ActiveCfg = Release|iPhone
		{FF650C9A-A347-4BA0-8B34-239A1AD88471}.Release|Any CPU.Build.0 = Release|iPhone
		{FF650C9A-A347-4BA0-8B34-239A1AD88471}.Release|Any CPU.Deploy.0 = Release|iPhone
		{FF650C9A-A347-4BA0-8B34-239A1AD88471}.Release|iPhone.ActiveCfg = Release|iPhone
		{FF650C9A-A347-4BA0-8B34-239A1AD88471}.Release|iPhone.Build.0 = Release|iPhone
		{FF650C9A-A347-4BA0-8B34-239A1AD88471}.Release|iPhone.Deploy.0 = Release|iPhone
		{FF650C9A-A347-4BA0-8B34-239A1AD88471}.Release|iPhoneSimulator.ActiveCfg = Release|iPhoneSimulator
		{FF650C9A-A347-4BA0-8B34-239A1AD88471}.Release|iPhoneSimulator.Build.0 = Release|iPhoneSimulator
		{FF650C9A-A347-4BA0-8B34-239A1AD88471}.Release|iPhoneSimulator.Deploy.0 = Release|iPhoneSimulator
		{396C1F1B-B063-4787-865B-4C5E403983E2}.Ad-Hoc|Any CPU.ActiveCfg = Debug|Any CPU
		{396C1F1B-B063-4787-865B-4C5E403983E2}.Ad-Hoc|Any CPU.Build.0 = Debug|Any CPU
		{396C1F1B-B063-4787-865B-4C5E403983E2}.Ad-Hoc|Any CPU.Deploy.0 = Debug|Any CPU
		{396C1F1B-B063-4787-865B-4C5E403983E2}.Ad-Hoc|iPhone.ActiveCfg = Debug|Any CPU
		{396C1F1B-B063-4787-865B-4C5E403983E2}.Ad-Hoc|iPhone.Build.0 = Debug|Any CPU
		{396C1F1B-B063-4787-865B-4C5E403983E2}.Ad-Hoc|iPhone.Deploy.0 = Debug|Any CPU
		{396C1F1B-B063-4787-865B-4C5E403983E2}.Ad-Hoc|iPhoneSimulator.ActiveCfg = Debug|Any CPU
		{396C1F1B-B063-4787-865B-4C5E403983E2}.Ad-Hoc|iPhoneSimulator.Build.0 = Debug|Any CPU
		{396C1F1B-B063-4787-865B-4C5E403983E2}.Ad-Hoc|iPhoneSimulator.Deploy.0 = Debug|Any CPU
		{396C1F1B-B063-4787-865B-4C5E403983E2}.AppStore|Any CPU.ActiveCfg = Debug|Any CPU
		{396C1F1B-B063-4787-865B-4C5E403983E2}.AppStore|Any CPU.Build.0 = Debug|Any CPU
		{396C1F1B-B063-4787-865B-4C5E403983E2}.AppStore|Any CPU.Deploy.0 = Debug|Any CPU
		{396C1F1B-B063-4787-865B-4C5E403983E2}.AppStore|iPhone.ActiveCfg = Debug|Any CPU
		{396C1F1B-B063-4787-865B-4C5E403983E2}.AppStore|iPhone.Build.0 = Debug|Any CPU
		{396C1F1B-B063-4787-865B-4C5E403983E2}.AppStore|iPhone.Deploy.0 = Debug|Any CPU
		{396C1F1B-B063-4787-865B-4C5E403983E2}.AppStore|iPhoneSimulator.ActiveCfg = Debug|Any CPU
		{396C1F1B-B063-4787-865B-4C5E403983E2}.AppStore|iPhoneSimulator.Build.0 = Debug|Any CPU
		{396C1F1B-B063-4787-865B-4C5E403983E2}.AppStore|iPhoneSimulator.Deploy.0 = Debug|Any CPU
		{396C1F1B-B063-4787-865B-4C5E403983E2}.Debug|Any CPU.ActiveCfg = Debug|Any CPU
		{396C1F1B-B063-4787-865B-4C5E403983E2}.Debug|Any CPU.Build.0 = Debug|Any CPU
		{396C1F1B-B063-4787-865B-4C5E403983E2}.Debug|Any CPU.Deploy.0 = Debug|Any CPU
		{396C1F1B-B063-4787-865B-4C5E403983E2}.Debug|iPhone.ActiveCfg = Debug|Any CPU
		{396C1F1B-B063-4787-865B-4C5E403983E2}.Debug|iPhone.Build.0 = Debug|Any CPU
		{396C1F1B-B063-4787-865B-4C5E403983E2}.Debug|iPhone.Deploy.0 = Debug|Any CPU
		{396C1F1B-B063-4787-865B-4C5E403983E2}.Debug|iPhoneSimulator.ActiveCfg = Debug|Any CPU
		{396C1F1B-B063-4787-865B-4C5E403983E2}.Debug|iPhoneSimulator.Build.0 = Debug|Any CPU
		{396C1F1B-B063-4787-865B-4C5E403983E2}.Debug|iPhoneSimulator.Deploy.0 = Debug|Any CPU
		{396C1F1B-B063-4787-865B-4C5E403983E2}.Release|Any CPU.ActiveCfg = Release|Any CPU
		{396C1F1B-B063-4787-865B-4C5E403983E2}.Release|Any CPU.Build.0 = Release|Any CPU
		{396C1F1B-B063-4787-865B-4C5E403983E2}.Release|Any CPU.Deploy.0 = Release|Any CPU
		{396C1F1B-B063-4787-865B-4C5E403983E2}.Release|iPhone.ActiveCfg = Release|Any CPU
		{396C1F1B-B063-4787-865B-4C5E403983E2}.Release|iPhone.Build.0 = Release|Any CPU
		{396C1F1B-B063-4787-865B-4C5E403983E2}.Release|iPhone.Deploy.0 = Release|Any CPU
		{396C1F1B-B063-4787-865B-4C5E403983E2}.Release|iPhoneSimulator.ActiveCfg = Release|Any CPU
		{396C1F1B-B063-4787-865B-4C5E403983E2}.Release|iPhoneSimulator.Build.0 = Release|Any CPU
		{396C1F1B-B063-4787-865B-4C5E403983E2}.Release|iPhoneSimulator.Deploy.0 = Release|Any CPU
	EndGlobalSection
	GlobalSection(SolutionProperties) = preSolution
		HideSolutionNode = FALSE
	EndGlobalSection
	GlobalSection(ExtensibilityGlobals) = postSolution
		SolutionGuid = {3C756D95-A9A4-4CC6-AC2B-B83A8E3492EE}
	EndGlobalSection
EndGlobal
